
Microsoft Visual Studio Solution File, Format Version 12.00
# Visual Studio Version 16
VisualStudioVersion = 16.0.28803.202
MinimumVisualStudioVersion = 10.0.40219.1
Project("{9A19103F-16F7-4668-BE54-9A1E7A4F7556}") = "GroupSplitter", "GroupSplitter\GroupSplitter.csproj", "{C336C086-896A-4F97-9B25-747FEB7832D5}"
EndProject
Project("{9A19103F-16F7-4668-BE54-9A1E7A4F7556}") = "GroupSplitter.Cli", "GroupSplitter.Cli\GroupSplitter.Cli.csproj", "{B7113161-940D-4D9B-B3B2-92321A82A7FB}"
EndProject
Project("{FAE04EC0-301F-11D3-BF4B-00C04F79EFBC}") = "GroupSplitter.UnitTests", "GroupSplitter.UnitTests\GroupSplitter.UnitTests.csproj", "{D81AEA8A-FBEC-46D7-9CB7-D72A768CC335}"
EndProject
Global
	GlobalSection(SolutionConfigurationPlatforms) = preSolution
		Debug|Any CPU = Debug|Any CPU
		Release|Any CPU = Release|Any CPU
	EndGlobalSection
	GlobalSection(ProjectConfigurationPlatforms) = postSolution
		{C336C086-896A-4F97-9B25-747FEB7832D5}.Debug|Any CPU.ActiveCfg = Debug|Any CPU
		{C336C086-896A-4F97-9B25-747FEB7832D5}.Debug|Any CPU.Build.0 = Debug|Any CPU
		{C336C086-896A-4F97-9B25-747FEB7832D5}.Release|Any CPU.ActiveCfg = Release|Any CPU
		{C336C086-896A-4F97-9B25-747FEB7832D5}.Release|Any CPU.Build.0 = Release|Any CPU
		{B7113161-940D-4D9B-B3B2-92321A82A7FB}.Debug|Any CPU.ActiveCfg = Debug|Any CPU
		{B7113161-940D-4D9B-B3B2-92321A82A7FB}.Debug|Any CPU.Build.0 = Debug|Any CPU
		{B7113161-940D-4D9B-B3B2-92321A82A7FB}.Release|Any CPU.ActiveCfg = Release|Any CPU
		{B7113161-940D-4D9B-B3B2-92321A82A7FB}.Release|Any CPU.Build.0 = Release|Any CPU
		{D81AEA8A-FBEC-46D7-9CB7-D72A768CC335}.Debug|Any CPU.ActiveCfg = Debug|Any CPU
		{D81AEA8A-FBEC-46D7-9CB7-D72A768CC335}.Debug|Any CPU.Build.0 = Debug|Any CPU
		{D81AEA8A-FBEC-46D7-9CB7-D72A768CC335}.Release|Any CPU.ActiveCfg = Release|Any CPU
		{D81AEA8A-FBEC-46D7-9CB7-D72A768CC335}.Release|Any CPU.Build.0 = Release|Any CPU
	EndGlobalSection
	GlobalSection(SolutionProperties) = preSolution
		HideSolutionNode = FALSE
	EndGlobalSection
	GlobalSection(ExtensibilityGlobals) = postSolution
		SolutionGuid = {3C6880B5-FDA4-47DE-B317-7C5617A1AD0C}
	EndGlobalSection
EndGlobal
